{
  "name": "ui_suite_lightning",
  "version": "1.0.0",
  "lockfileVersion": 1,
  "requires": true,
  "dependencies": {
    "@salesforce-ux/design-system": {
      "version": "2.12.2",
      "resolved": "https://registry.npmjs.org/@salesforce-ux/design-system/-/design-system-2.12.2.tgz",
      "integrity": "sha512-a2GiCsNfQD8o+6jEieg+PbFlsbjQGNqgImRr/Xeb13Hea3x+QYwJ1XTbVqSz239GGTOiUScjD7/QN+gb5R4giQ=="
    }
  }
}
